// !$*UTF8*$!
{
	archiveVersion = 1;
	classes = {
	};
	objectVersion = 53;
	objects = {

/* Begin PBXBuildFile section */
		360A6B3D29D414DF00B12285 /* AboutBookTableViewCell.swift in Sources */ = {isa = PBXBuildFile; fileRef = 360A6B3C29D414DF00B12285 /* AboutBookTableViewCell.swift */; };
		360A6B4029D4220600B12285 /* assets.xcassets in Resources */ = {isa = PBXBuildFile; fileRef = 360A6B3F29D4220600B12285 /* assets.xcassets */; };
		368FAEE729D58054002E7956 /* DescriptionTableViewCell.swift in Sources */ = {isa = PBXBuildFile; fileRef = 368FAEE629D58054002E7956 /* DescriptionTableViewCell.swift */; };
		369ACB2E29D51A210060B93E /* BuyPageViewController.swift in Sources */ = {isa = PBXBuildFile; fileRef = 369ACB2D29D51A210060B93E /* BuyPageViewController.swift */; };
		369ACB3029D5430A0060B93E /* BookRatingTableViewCell.swift in Sources */ = {isa = PBXBuildFile; fileRef = 369ACB2F29D5430A0060B93E /* BookRatingTableViewCell.swift */; };
		369E3E5629DA5ABC00B20ED2 /* SimilarEbooksTableViewCell.swift in Sources */ = {isa = PBXBuildFile; fileRef = 369E3E5429DA5ABC00B20ED2 /* SimilarEbooksTableViewCell.swift */; };
		369E3E5729DA5ABC00B20ED2 /* SimilarEbooksTableViewCell.xib in Resources */ = {isa = PBXBuildFile; fileRef = 369E3E5529DA5ABC00B20ED2 /* SimilarEbooksTableViewCell.xib */; };
		369E6A0F29D66F820082E82D /* RatingsTableViewCell.swift in Sources */ = {isa = PBXBuildFile; fileRef = 369E6A0E29D66F820082E82D /* RatingsTableViewCell.swift */; };
		369E6A1129D6A6720082E82D /* RateThisBookTableViewCell.swift in Sources */ = {isa = PBXBuildFile; fileRef = 369E6A1029D6A6720082E82D /* RateThisBookTableViewCell.swift */; };
		36ACA69D29D9ADB600F8405B /* BookSeriesCollectionViewCell.swift in Sources */ = {isa = PBXBuildFile; fileRef = 36ACA69B29D9ADB600F8405B /* BookSeriesCollectionViewCell.swift */; };
		36ACA69E29D9ADB600F8405B /* BookSeriesCollectionViewCell.xib in Resources */ = {isa = PBXBuildFile; fileRef = 36ACA69C29D9ADB600F8405B /* BookSeriesCollectionViewCell.xib */; };
		36ACA6A129D9AFF600F8405B /* BookSeriesTableViewCell.swift in Sources */ = {isa = PBXBuildFile; fileRef = 36ACA69F29D9AFF600F8405B /* BookSeriesTableViewCell.swift */; };
		36ACA6A229D9AFF600F8405B /* BookSeriesTableViewCell.xib in Resources */ = {isa = PBXBuildFile; fileRef = 36ACA6A029D9AFF600F8405B /* BookSeriesTableViewCell.xib */; };
		36B4291E29D17B7A004ECC0A /* AppDelegate.swift in Sources */ = {isa = PBXBuildFile; fileRef = 36B4291D29D17B7A004ECC0A /* AppDelegate.swift */; };
		36B4292029D17B7A004ECC0A /* SceneDelegate.swift in Sources */ = {isa = PBXBuildFile; fileRef = 36B4291F29D17B7A004ECC0A /* SceneDelegate.swift */; };
		36B4292229D17B7A004ECC0A /* ViewController.swift in Sources */ = {isa = PBXBuildFile; fileRef = 36B4292129D17B7A004ECC0A /* ViewController.swift */; };
		36B4292529D17B7A004ECC0A /* Main.storyboard in Resources */ = {isa = PBXBuildFile; fileRef = 36B4292329D17B7A004ECC0A /* Main.storyboard */; };
		36B4292729D17B7C004ECC0A /* Assets.xcassets in Resources */ = {isa = PBXBuildFile; fileRef = 36B4292629D17B7C004ECC0A /* Assets.xcassets */; };
		36B4292A29D17B7C004ECC0A /* LaunchScreen.storyboard in Resources */ = {isa = PBXBuildFile; fileRef = 36B4292829D17B7C004ECC0A /* LaunchScreen.storyboard */; };
		36B4293529D17B7C004ECC0A /* BookistTests.swift in Sources */ = {isa = PBXBuildFile; fileRef = 36B4293429D17B7C004ECC0A /* BookistTests.swift */; };
		36B4293F29D17B7C004ECC0A /* BookistUITests.swift in Sources */ = {isa = PBXBuildFile; fileRef = 36B4293E29D17B7C004ECC0A /* BookistUITests.swift */; };
		36B4294129D17B7C004ECC0A /* BookistUITestsLaunchTests.swift in Sources */ = {isa = PBXBuildFile; fileRef = 36B4294029D17B7C004ECC0A /* BookistUITestsLaunchTests.swift */; };
		36B4294E29D17BED004ECC0A /* TabBar.swift in Sources */ = {isa = PBXBuildFile; fileRef = 36B4294D29D17BED004ECC0A /* TabBar.swift */; };
		36B4296029D40686004ECC0A /* NetworkHelper.swift in Sources */ = {isa = PBXBuildFile; fileRef = 36B4295F29D40686004ECC0A /* NetworkHelper.swift */; };
		36B4296229D406CF004ECC0A /* RomanceViewModel.swift in Sources */ = {isa = PBXBuildFile; fileRef = 36B4296129D406CF004ECC0A /* RomanceViewModel.swift */; };
		36B4296429D406DF004ECC0A /* PurchasedViewModel.swift in Sources */ = {isa = PBXBuildFile; fileRef = 36B4296329D406DF004ECC0A /* PurchasedViewModel.swift */; };
		36B4296629D406E9004ECC0A /* AccountViewModel.swift in Sources */ = {isa = PBXBuildFile; fileRef = 36B4296529D406E9004ECC0A /* AccountViewModel.swift */; };
		36B4296829D406F3004ECC0A /* WishlistViewModel.swift in Sources */ = {isa = PBXBuildFile; fileRef = 36B4296729D406F3004ECC0A /* WishlistViewModel.swift */; };
		36B4296A29D406FB004ECC0A /* DiscoverViewModel.swift in Sources */ = {isa = PBXBuildFile; fileRef = 36B4296929D406FB004ECC0A /* DiscoverViewModel.swift */; };
		36B4296C29D40702004ECC0A /* BuyViewModel.swift in Sources */ = {isa = PBXBuildFile; fileRef = 36B4296B29D40702004ECC0A /* BuyViewModel.swift */; };
		36B4296E29D4070D004ECC0A /* HomeViewModel.swift in Sources */ = {isa = PBXBuildFile; fileRef = 36B4296D29D4070D004ECC0A /* HomeViewModel.swift */; };
/* End PBXBuildFile section */

/* Begin PBXContainerItemProxy section */
		36B4293129D17B7C004ECC0A /* PBXContainerItemProxy */ = {
			isa = PBXContainerItemProxy;
			containerPortal = 36B4291229D17B7A004ECC0A /* Project object */;
			proxyType = 1;
			remoteGlobalIDString = 36B4291929D17B7A004ECC0A;
			remoteInfo = Bookist;
		};
		36B4293B29D17B7C004ECC0A /* PBXContainerItemProxy */ = {
			isa = PBXContainerItemProxy;
			containerPortal = 36B4291229D17B7A004ECC0A /* Project object */;
			proxyType = 1;
			remoteGlobalIDString = 36B4291929D17B7A004ECC0A;
			remoteInfo = Bookist;
		};
/* End PBXContainerItemProxy section */

/* Begin PBXFileReference section */
		360A6B3C29D414DF00B12285 /* AboutBookTableViewCell.swift */ = {isa = PBXFileReference; lastKnownFileType = sourcecode.swift; path = AboutBookTableViewCell.swift; sourceTree = "<group>"; };
		360A6B3F29D4220600B12285 /* assets.xcassets */ = {isa = PBXFileReference; lastKnownFileType = folder.assetcatalog; path = assets.xcassets; sourceTree = "<group>"; };
		368FAEE629D58054002E7956 /* DescriptionTableViewCell.swift */ = {isa = PBXFileReference; lastKnownFileType = sourcecode.swift; path = DescriptionTableViewCell.swift; sourceTree = "<group>"; };
		369ACB2D29D51A210060B93E /* BuyPageViewController.swift */ = {isa = PBXFileReference; lastKnownFileType = sourcecode.swift; path = BuyPageViewController.swift; sourceTree = "<group>"; };
		369ACB2F29D5430A0060B93E /* BookRatingTableViewCell.swift */ = {isa = PBXFileReference; lastKnownFileType = sourcecode.swift; path = BookRatingTableViewCell.swift; sourceTree = "<group>"; };
		369E3E5429DA5ABC00B20ED2 /* SimilarEbooksTableViewCell.swift */ = {isa = PBXFileReference; lastKnownFileType = sourcecode.swift; path = SimilarEbooksTableViewCell.swift; sourceTree = "<group>"; };
		369E3E5529DA5ABC00B20ED2 /* SimilarEbooksTableViewCell.xib */ = {isa = PBXFileReference; lastKnownFileType = file.xib; path = SimilarEbooksTableViewCell.xib; sourceTree = "<group>"; };
		369E6A0E29D66F820082E82D /* RatingsTableViewCell.swift */ = {isa = PBXFileReference; lastKnownFileType = sourcecode.swift; path = RatingsTableViewCell.swift; sourceTree = "<group>"; };
		369E6A1029D6A6720082E82D /* RateThisBookTableViewCell.swift */ = {isa = PBXFileReference; lastKnownFileType = sourcecode.swift; path = RateThisBookTableViewCell.swift; sourceTree = "<group>"; };
		36ACA69B29D9ADB600F8405B /* BookSeriesCollectionViewCell.swift */ = {isa = PBXFileReference; lastKnownFileType = sourcecode.swift; path = BookSeriesCollectionViewCell.swift; sourceTree = "<group>"; };
		36ACA69C29D9ADB600F8405B /* BookSeriesCollectionViewCell.xib */ = {isa = PBXFileReference; lastKnownFileType = file.xib; path = BookSeriesCollectionViewCell.xib; sourceTree = "<group>"; };
		36ACA69F29D9AFF600F8405B /* BookSeriesTableViewCell.swift */ = {isa = PBXFileReference; lastKnownFileType = sourcecode.swift; path = BookSeriesTableViewCell.swift; sourceTree = "<group>"; };
		36ACA6A029D9AFF600F8405B /* BookSeriesTableViewCell.xib */ = {isa = PBXFileReference; lastKnownFileType = file.xib; path = BookSeriesTableViewCell.xib; sourceTree = "<group>"; };
		36B4291A29D17B7A004ECC0A /* Bookist.app */ = {isa = PBXFileReference; explicitFileType = wrapper.application; includeInIndex = 0; path = Bookist.app; sourceTree = BUILT_PRODUCTS_DIR; };
		36B4291D29D17B7A004ECC0A /* AppDelegate.swift */ = {isa = PBXFileReference; lastKnownFileType = sourcecode.swift; path = AppDelegate.swift; sourceTree = "<group>"; };
		36B4291F29D17B7A004ECC0A /* SceneDelegate.swift */ = {isa = PBXFileReference; lastKnownFileType = sourcecode.swift; path = SceneDelegate.swift; sourceTree = "<group>"; };
		36B4292129D17B7A004ECC0A /* ViewController.swift */ = {isa = PBXFileReference; lastKnownFileType = sourcecode.swift; path = ViewController.swift; sourceTree = "<group>"; };
		36B4292429D17B7A004ECC0A /* Base */ = {isa = PBXFileReference; lastKnownFileType = file.storyboard; name = Base; path = Base.lproj/Main.storyboard; sourceTree = "<group>"; };
		36B4292629D17B7C004ECC0A /* Assets.xcassets */ = {isa = PBXFileReference; lastKnownFileType = folder.assetcatalog; path = Assets.xcassets; sourceTree = "<group>"; };
		36B4292929D17B7C004ECC0A /* Base */ = {isa = PBXFileReference; lastKnownFileType = file.storyboard; name = Base; path = Base.lproj/LaunchScreen.storyboard; sourceTree = "<group>"; };
		36B4292B29D17B7C004ECC0A /* Info.plist */ = {isa = PBXFileReference; lastKnownFileType = text.plist.xml; path = Info.plist; sourceTree = "<group>"; };
		36B4293029D17B7C004ECC0A /* BookistTests.xctest */ = {isa = PBXFileReference; explicitFileType = wrapper.cfbundle; includeInIndex = 0; path = BookistTests.xctest; sourceTree = BUILT_PRODUCTS_DIR; };
		36B4293429D17B7C004ECC0A /* BookistTests.swift */ = {isa = PBXFileReference; lastKnownFileType = sourcecode.swift; path = BookistTests.swift; sourceTree = "<group>"; };
		36B4293A29D17B7C004ECC0A /* BookistUITests.xctest */ = {isa = PBXFileReference; explicitFileType = wrapper.cfbundle; includeInIndex = 0; path = BookistUITests.xctest; sourceTree = BUILT_PRODUCTS_DIR; };
		36B4293E29D17B7C004ECC0A /* BookistUITests.swift */ = {isa = PBXFileReference; lastKnownFileType = sourcecode.swift; path = BookistUITests.swift; sourceTree = "<group>"; };
		36B4294029D17B7C004ECC0A /* BookistUITestsLaunchTests.swift */ = {isa = PBXFileReference; lastKnownFileType = sourcecode.swift; path = BookistUITestsLaunchTests.swift; sourceTree = "<group>"; };
		36B4294D29D17BED004ECC0A /* TabBar.swift */ = {isa = PBXFileReference; lastKnownFileType = sourcecode.swift; path = TabBar.swift; sourceTree = "<group>"; };
		36B4295F29D40686004ECC0A /* NetworkHelper.swift */ = {isa = PBXFileReference; lastKnownFileType = sourcecode.swift; path = NetworkHelper.swift; sourceTree = "<group>"; };
		36B4296129D406CF004ECC0A /* RomanceViewModel.swift */ = {isa = PBXFileReference; lastKnownFileType = sourcecode.swift; path = RomanceViewModel.swift; sourceTree = "<group>"; };
		36B4296329D406DF004ECC0A /* PurchasedViewModel.swift */ = {isa = PBXFileReference; lastKnownFileType = sourcecode.swift; path = PurchasedViewModel.swift; sourceTree = "<group>"; };
		36B4296529D406E9004ECC0A /* AccountViewModel.swift */ = {isa = PBXFileReference; lastKnownFileType = sourcecode.swift; path = AccountViewModel.swift; sourceTree = "<group>"; };
		36B4296729D406F3004ECC0A /* WishlistViewModel.swift */ = {isa = PBXFileReference; lastKnownFileType = sourcecode.swift; path = WishlistViewModel.swift; sourceTree = "<group>"; };
		36B4296929D406FB004ECC0A /* DiscoverViewModel.swift */ = {isa = PBXFileReference; lastKnownFileType = sourcecode.swift; path = DiscoverViewModel.swift; sourceTree = "<group>"; };
		36B4296B29D40702004ECC0A /* BuyViewModel.swift */ = {isa = PBXFileReference; lastKnownFileType = sourcecode.swift; path = BuyViewModel.swift; sourceTree = "<group>"; };
		36B4296D29D4070D004ECC0A /* HomeViewModel.swift */ = {isa = PBXFileReference; lastKnownFileType = sourcecode.swift; path = HomeViewModel.swift; sourceTree = "<group>"; };
/* End PBXFileReference section */

/* Begin PBXFrameworksBuildPhase section */
		36B4291729D17B7A004ECC0A /* Frameworks */ = {
			isa = PBXFrameworksBuildPhase;
			buildActionMask = 2147483647;
			files = (
			);
			runOnlyForDeploymentPostprocessing = 0;
		};
		36B4292D29D17B7C004ECC0A /* Frameworks */ = {
			isa = PBXFrameworksBuildPhase;
			buildActionMask = 2147483647;
			files = (
			);
			runOnlyForDeploymentPostprocessing = 0;
		};
		36B4293729D17B7C004ECC0A /* Frameworks */ = {
			isa = PBXFrameworksBuildPhase;
			buildActionMask = 2147483647;
			files = (
			);
			runOnlyForDeploymentPostprocessing = 0;
		};
/* End PBXFrameworksBuildPhase section */

/* Begin PBXGroup section */
		360A6B3E29D414E700B12285 /* TABLE_VIEW_CELL */ = {
			isa = PBXGroup;
			children = (
				360A6B3C29D414DF00B12285 /* AboutBookTableViewCell.swift */,
				369ACB2F29D5430A0060B93E /* BookRatingTableViewCell.swift */,
				368FAEE629D58054002E7956 /* DescriptionTableViewCell.swift */,
				369E6A0E29D66F820082E82D /* RatingsTableViewCell.swift */,
				369E6A1029D6A6720082E82D /* RateThisBookTableViewCell.swift */,
				36ACA69F29D9AFF600F8405B /* BookSeriesTableViewCell.swift */,
				36ACA6A029D9AFF600F8405B /* BookSeriesTableViewCell.xib */,
				369E3E5429DA5ABC00B20ED2 /* SimilarEbooksTableViewCell.swift */,
				369E3E5529DA5ABC00B20ED2 /* SimilarEbooksTableViewCell.xib */,
			);
			path = TABLE_VIEW_CELL;
			sourceTree = "<group>";
		};
		368A696729DA753C00B94ACD /* MODEL */ = {
			isa = PBXGroup;
			children = (
				36B4296B29D40702004ECC0A /* BuyViewModel.swift */,
			);
			path = MODEL;
			sourceTree = "<group>";
		};
		369ACB2C29D518A80060B93E /* VIEW_CONTROLLER */ = {
			isa = PBXGroup;
			children = (
				369ACB2D29D51A210060B93E /* BuyPageViewController.swift */,
			);
			path = VIEW_CONTROLLER;
			sourceTree = "<group>";
		};
		369E6A1629D6B9C20082E82D /* COLLECTION_VIEW_CELL */ = {
			isa = PBXGroup;
			children = (
				36ACA69B29D9ADB600F8405B /* BookSeriesCollectionViewCell.swift */,
				36ACA69C29D9ADB600F8405B /* BookSeriesCollectionViewCell.xib */,
			);
			path = COLLECTION_VIEW_CELL;
			sourceTree = "<group>";
		};
		36B4291129D17B7A004ECC0A = {
			isa = PBXGroup;
			children = (
				36B4291C29D17B7A004ECC0A /* Bookist */,
				36B4293329D17B7C004ECC0A /* BookistTests */,
				36B4293D29D17B7C004ECC0A /* BookistUITests */,
				36B4291B29D17B7A004ECC0A /* Products */,
			);
			sourceTree = "<group>";
		};
		36B4291B29D17B7A004ECC0A /* Products */ = {
			isa = PBXGroup;
			children = (
				36B4291A29D17B7A004ECC0A /* Bookist.app */,
				36B4293029D17B7C004ECC0A /* BookistTests.xctest */,
				36B4293A29D17B7C004ECC0A /* BookistUITests.xctest */,
			);
			name = Products;
			sourceTree = "<group>";
		};
		36B4291C29D17B7A004ECC0A /* Bookist */ = {
			isa = PBXGroup;
			children = (
				36B4292B29D17B7C004ECC0A /* Info.plist */,
				360A6B3F29D4220600B12285 /* assets.xcassets */,
				36B4295729D40439004ECC0A /* Networking */,
				36B4295829D4043F004ECC0A /* Storyboard */,
				36B4295A29D4045F004ECC0A /* Core */,
				36B4295929D4044F004ECC0A /* Helper */,
				36B4295B29D4046C004ECC0A /* MainView */,
				36B4294F29D3FACA004ECC0A /* Module */,
			);
			path = Bookist;
			sourceTree = "<group>";
		};
		36B4293329D17B7C004ECC0A /* BookistTests */ = {
			isa = PBXGroup;
			children = (
				36B4293429D17B7C004ECC0A /* BookistTests.swift */,
			);
			path = BookistTests;
			sourceTree = "<group>";
		};
		36B4293D29D17B7C004ECC0A /* BookistUITests */ = {
			isa = PBXGroup;
			children = (
				36B4293E29D17B7C004ECC0A /* BookistUITests.swift */,
				36B4294029D17B7C004ECC0A /* BookistUITestsLaunchTests.swift */,
			);
			path = BookistUITests;
			sourceTree = "<group>";
		};
		36B4294F29D3FACA004ECC0A /* Module */ = {
			isa = PBXGroup;
			children = (
				36B4295629D4042D004ECC0A /* Romance */,
				36B4295529D40426004ECC0A /* Purchased */,
				36B4295429D403F7004ECC0A /* Account */,
				36B4295329D40388004ECC0A /* Wishlist */,
				36B4295229D40381004ECC0A /* Discover */,
				36B4295129D4036D004ECC0A /* Buy  */,
				36B4295029D40362004ECC0A /* Home */,
			);
			path = Module;
			sourceTree = "<group>";
		};
		36B4295029D40362004ECC0A /* Home */ = {
			isa = PBXGroup;
			children = (
				36B4296D29D4070D004ECC0A /* HomeViewModel.swift */,
			);
			path = Home;
			sourceTree = "<group>";
		};
		36B4295129D4036D004ECC0A /* Buy  */ = {
			isa = PBXGroup;
			children = (
				368A696729DA753C00B94ACD /* MODEL */,
				369E6A1629D6B9C20082E82D /* COLLECTION_VIEW_CELL */,
				360A6B3E29D414E700B12285 /* TABLE_VIEW_CELL */,
				369ACB2C29D518A80060B93E /* VIEW_CONTROLLER */,
			);
			path = "Buy ";
			sourceTree = "<group>";
		};
		36B4295229D40381004ECC0A /* Discover */ = {
			isa = PBXGroup;
			children = (
				36B4296929D406FB004ECC0A /* DiscoverViewModel.swift */,
			);
			path = Discover;
			sourceTree = "<group>";
		};
		36B4295329D40388004ECC0A /* Wishlist */ = {
			isa = PBXGroup;
			children = (
				36B4296729D406F3004ECC0A /* WishlistViewModel.swift */,
			);
			path = Wishlist;
			sourceTree = "<group>";
		};
		36B4295429D403F7004ECC0A /* Account */ = {
			isa = PBXGroup;
			children = (
				36B4296529D406E9004ECC0A /* AccountViewModel.swift */,
			);
			path = Account;
			sourceTree = "<group>";
		};
		36B4295529D40426004ECC0A /* Purchased */ = {
			isa = PBXGroup;
			children = (
				36B4296329D406DF004ECC0A /* PurchasedViewModel.swift */,
			);
			path = Purchased;
			sourceTree = "<group>";
		};
		36B4295629D4042D004ECC0A /* Romance */ = {
			isa = PBXGroup;
			children = (
				36B4296129D406CF004ECC0A /* RomanceViewModel.swift */,
			);
			path = Romance;
			sourceTree = "<group>";
		};
		36B4295729D40439004ECC0A /* Networking */ = {
			isa = PBXGroup;
			children = (
				36B4295F29D40686004ECC0A /* NetworkHelper.swift */,
			);
			path = Networking;
			sourceTree = "<group>";
		};
		36B4295829D4043F004ECC0A /* Storyboard */ = {
			isa = PBXGroup;
			children = (
				36B4292329D17B7A004ECC0A /* Main.storyboard */,
				36B4292829D17B7C004ECC0A /* LaunchScreen.storyboard */,
			);
			path = Storyboard;
			sourceTree = "<group>";
		};
		36B4295929D4044F004ECC0A /* Helper */ = {
			isa = PBXGroup;
			children = (
				36B4292629D17B7C004ECC0A /* Assets.xcassets */,
			);
			path = Helper;
			sourceTree = "<group>";
		};
		36B4295A29D4045F004ECC0A /* Core */ = {
			isa = PBXGroup;
			children = (
				36B4291D29D17B7A004ECC0A /* AppDelegate.swift */,
				36B4291F29D17B7A004ECC0A /* SceneDelegate.swift */,
				36B4294D29D17BED004ECC0A /* TabBar.swift */,
			);
			path = Core;
			sourceTree = "<group>";
		};
		36B4295B29D4046C004ECC0A /* MainView */ = {
			isa = PBXGroup;
			children = (
				36B4292129D17B7A004ECC0A /* ViewController.swift */,
			);
			path = MainView;
			sourceTree = "<group>";
		};
/* End PBXGroup section */

/* Begin PBXNativeTarget section */
		36B4291929D17B7A004ECC0A /* Bookist */ = {
			isa = PBXNativeTarget;
			buildConfigurationList = 36B4294429D17B7C004ECC0A /* Build configuration list for PBXNativeTarget "Bookist" */;
			buildPhases = (
				36B4291629D17B7A004ECC0A /* Sources */,
				36B4291729D17B7A004ECC0A /* Frameworks */,
				36B4291829D17B7A004ECC0A /* Resources */,
			);
			buildRules = (
			);
			dependencies = (
			);
			name = Bookist;
			productName = Bookist;
			productReference = 36B4291A29D17B7A004ECC0A /* Bookist.app */;
			productType = "com.apple.product-type.application";
		};
		36B4292F29D17B7C004ECC0A /* BookistTests */ = {
			isa = PBXNativeTarget;
			buildConfigurationList = 36B4294729D17B7C004ECC0A /* Build configuration list for PBXNativeTarget "BookistTests" */;
			buildPhases = (
				36B4292C29D17B7C004ECC0A /* Sources */,
				36B4292D29D17B7C004ECC0A /* Frameworks */,
				36B4292E29D17B7C004ECC0A /* Resources */,
			);
			buildRules = (
			);
			dependencies = (
				36B4293229D17B7C004ECC0A /* PBXTargetDependency */,
			);
			name = BookistTests;
			productName = BookistTests;
			productReference = 36B4293029D17B7C004ECC0A /* BookistTests.xctest */;
			productType = "com.apple.product-type.bundle.unit-test";
		};
		36B4293929D17B7C004ECC0A /* BookistUITests */ = {
			isa = PBXNativeTarget;
			buildConfigurationList = 36B4294A29D17B7C004ECC0A /* Build configuration list for PBXNativeTarget "BookistUITests" */;
			buildPhases = (
				36B4293629D17B7C004ECC0A /* Sources */,
				36B4293729D17B7C004ECC0A /* Frameworks */,
				36B4293829D17B7C004ECC0A /* Resources */,
			);
			buildRules = (
			);
			dependencies = (
				36B4293C29D17B7C004ECC0A /* PBXTargetDependency */,
			);
			name = BookistUITests;
			productName = BookistUITests;
			productReference = 36B4293A29D17B7C004ECC0A /* BookistUITests.xctest */;
			productType = "com.apple.product-type.bundle.ui-testing";
		};
/* End PBXNativeTarget section */

/* Begin PBXProject section */
		36B4291229D17B7A004ECC0A /* Project object */ = {
			isa = PBXProject;
			attributes = {
				BuildIndependentTargetsInParallel = 1;
				LastSwiftUpdateCheck = 1420;
				LastUpgradeCheck = 1420;
				TargetAttributes = {
					36B4291929D17B7A004ECC0A = {
						CreatedOnToolsVersion = 14.2;
					};
					36B4292F29D17B7C004ECC0A = {
						CreatedOnToolsVersion = 14.2;
						TestTargetID = 36B4291929D17B7A004ECC0A;
					};
					36B4293929D17B7C004ECC0A = {
						CreatedOnToolsVersion = 14.2;
						TestTargetID = 36B4291929D17B7A004ECC0A;
					};
				};
			};
			buildConfigurationList = 36B4291529D17B7A004ECC0A /* Build configuration list for PBXProject "Bookist" */;
			compatibilityVersion = "Xcode 11.4";
			developmentRegion = en;
			hasScannedForEncodings = 0;
			knownRegions = (
				en,
				Base,
			);
			mainGroup = 36B4291129D17B7A004ECC0A;
			productRefGroup = 36B4291B29D17B7A004ECC0A /* Products */;
			projectDirPath = "";
			projectRoot = "";
			targets = (
				36B4291929D17B7A004ECC0A /* Bookist */,
				36B4292F29D17B7C004ECC0A /* BookistTests */,
				36B4293929D17B7C004ECC0A /* BookistUITests */,
			);
		};
/* End PBXProject section */

/* Begin PBXResourcesBuildPhase section */
		36B4291829D17B7A004ECC0A /* Resources */ = {
			isa = PBXResourcesBuildPhase;
			buildActionMask = 2147483647;
			files = (
				369E3E5729DA5ABC00B20ED2 /* SimilarEbooksTableViewCell.xib in Resources */,
				36ACA69E29D9ADB600F8405B /* BookSeriesCollectionViewCell.xib in Resources */,
				36B4292A29D17B7C004ECC0A /* LaunchScreen.storyboard in Resources */,
				36B4292729D17B7C004ECC0A /* Assets.xcassets in Resources */,
				36ACA6A229D9AFF600F8405B /* BookSeriesTableViewCell.xib in Resources */,
				360A6B4029D4220600B12285 /* assets.xcassets in Resources */,
				36B4292529D17B7A004ECC0A /* Main.storyboard in Resources */,
			);
			runOnlyForDeploymentPostprocessing = 0;
		};
		36B4292E29D17B7C004ECC0A /* Resources */ = {
			isa = PBXResourcesBuildPhase;
			buildActionMask = 2147483647;
			files = (
			);
			runOnlyForDeploymentPostprocessing = 0;
		};
		36B4293829D17B7C004ECC0A /* Resources */ = {
			isa = PBXResourcesBuildPhase;
			buildActionMask = 2147483647;
			files = (
			);
			runOnlyForDeploymentPostprocessing = 0;
		};
/* End PBXResourcesBuildPhase section */

/* Begin PBXSourcesBuildPhase section */
		36B4291629D17B7A004ECC0A /* Sources */ = {
			isa = PBXSourcesBuildPhase;
			buildActionMask = 2147483647;
			files = (
				36ACA69D29D9ADB600F8405B /* BookSeriesCollectionViewCell.swift in Sources */,
				36ACA6A129D9AFF600F8405B /* BookSeriesTableViewCell.swift in Sources */,
				368FAEE729D58054002E7956 /* DescriptionTableViewCell.swift in Sources */,
				360A6B3D29D414DF00B12285 /* AboutBookTableViewCell.swift in Sources */,
				36B4292229D17B7A004ECC0A /* ViewController.swift in Sources */,
				369ACB2E29D51A210060B93E /* BuyPageViewController.swift in Sources */,
				369E6A0F29D66F820082E82D /* RatingsTableViewCell.swift in Sources */,
				36B4291E29D17B7A004ECC0A /* AppDelegate.swift in Sources */,
				36B4296629D406E9004ECC0A /* AccountViewModel.swift in Sources */,
				36B4296029D40686004ECC0A /* NetworkHelper.swift in Sources */,
				36B4292029D17B7A004ECC0A /* SceneDelegate.swift in Sources */,
				36B4296829D406F3004ECC0A /* WishlistViewModel.swift in Sources */,
				36B4296229D406CF004ECC0A /* RomanceViewModel.swift in Sources */,
				369E6A1129D6A6720082E82D /* RateThisBookTableViewCell.swift in Sources */,
				36B4296E29D4070D004ECC0A /* HomeViewModel.swift in Sources */,
				36B4296A29D406FB004ECC0A /* DiscoverViewModel.swift in Sources */,
				36B4296429D406DF004ECC0A /* PurchasedViewModel.swift in Sources */,
				36B4296C29D40702004ECC0A /* BuyViewModel.swift in Sources */,
				369ACB3029D5430A0060B93E /* BookRatingTableViewCell.swift in Sources */,
				369E3E5629DA5ABC00B20ED2 /* SimilarEbooksTableViewCell.swift in Sources */,
				36B4294E29D17BED004ECC0A /* TabBar.swift in Sources */,
			);
			runOnlyForDeploymentPostprocessing = 0;
		};
		36B4292C29D17B7C004ECC0A /* Sources */ = {
			isa = PBXSourcesBuildPhase;
			buildActionMask = 2147483647;
			files = (
				36B4293529D17B7C004ECC0A /* BookistTests.swift in Sources */,
			);
			runOnlyForDeploymentPostprocessing = 0;
		};
		36B4293629D17B7C004ECC0A /* Sources */ = {
			isa = PBXSourcesBuildPhase;
			buildActionMask = 2147483647;
			files = (
				36B4294129D17B7C004ECC0A /* BookistUITestsLaunchTests.swift in Sources */,
				36B4293F29D17B7C004ECC0A /* BookistUITests.swift in Sources */,
			);
			runOnlyForDeploymentPostprocessing = 0;
		};
/* End PBXSourcesBuildPhase section */

/* Begin PBXTargetDependency section */
		36B4293229D17B7C004ECC0A /* PBXTargetDependency */ = {
			isa = PBXTargetDependency;
			target = 36B4291929D17B7A004ECC0A /* Bookist */;
			targetProxy = 36B4293129D17B7C004ECC0A /* PBXContainerItemProxy */;
		};
		36B4293C29D17B7C004ECC0A /* PBXTargetDependency */ = {
			isa = PBXTargetDependency;
			target = 36B4291929D17B7A004ECC0A /* Bookist */;
			targetProxy = 36B4293B29D17B7C004ECC0A /* PBXContainerItemProxy */;
		};
/* End PBXTargetDependency section */

/* Begin PBXVariantGroup section */
		36B4292329D17B7A004ECC0A /* Main.storyboard */ = {
			isa = PBXVariantGroup;
			children = (
				36B4292429D17B7A004ECC0A /* Base */,
			);
			name = Main.storyboard;
			sourceTree = "<group>";
		};
		36B4292829D17B7C004ECC0A /* LaunchScreen.storyboard */ = {
			isa = PBXVariantGroup;
			children = (
				36B4292929D17B7C004ECC0A /* Base */,
			);
			name = LaunchScreen.storyboard;
			sourceTree = "<group>";
		};
/* End PBXVariantGroup section */

/* Begin XCBuildConfiguration section */
		36B4294229D17B7C004ECC0A /* Debug */ = {
			isa = XCBuildConfiguration;
			buildSettings = {
				ALWAYS_SEARCH_USER_PATHS = NO;
				CLANG_ANALYZER_NONNULL = YES;
				CLANG_ANALYZER_NUMBER_OBJECT_CONVERSION = YES_AGGRESSIVE;
				CLANG_CXX_LANGUAGE_STANDARD = "gnu++20";
				CLANG_ENABLE_MODULES = YES;
				CLANG_ENABLE_OBJC_ARC = YES;
				CLANG_ENABLE_OBJC_WEAK = YES;
				CLANG_WARN_BLOCK_CAPTURE_AUTORELEASING = YES;
				CLANG_WARN_BOOL_CONVERSION = YES;
				CLANG_WARN_COMMA = YES;
				CLANG_WARN_CONSTANT_CONVERSION = YES;
				CLANG_WARN_DEPRECATED_OBJC_IMPLEMENTATIONS = YES;
				CLANG_WARN_DIRECT_OBJC_ISA_USAGE = YES_ERROR;
				CLANG_WARN_DOCUMENTATION_COMMENTS = YES;
				CLANG_WARN_EMPTY_BODY = YES;
				CLANG_WARN_ENUM_CONVERSION = YES;
				CLANG_WARN_INFINITE_RECURSION = YES;
				CLANG_WARN_INT_CONVERSION = YES;
				CLANG_WARN_NON_LITERAL_NULL_CONVERSION = YES;
				CLANG_WARN_OBJC_IMPLICIT_RETAIN_SELF = YES;
				CLANG_WARN_OBJC_LITERAL_CONVERSION = YES;
				CLANG_WARN_OBJC_ROOT_CLASS = YES_ERROR;
				CLANG_WARN_QUOTED_INCLUDE_IN_FRAMEWORK_HEADER = YES;
				CLANG_WARN_RANGE_LOOP_ANALYSIS = YES;
				CLANG_WARN_STRICT_PROTOTYPES = YES;
				CLANG_WARN_SUSPICIOUS_MOVE = YES;
				CLANG_WARN_UNGUARDED_AVAILABILITY = YES_AGGRESSIVE;
				CLANG_WARN_UNREACHABLE_CODE = YES;
				CLANG_WARN__DUPLICATE_METHOD_MATCH = YES;
				COPY_PHASE_STRIP = NO;
				DEBUG_INFORMATION_FORMAT = dwarf;
				ENABLE_STRICT_OBJC_MSGSEND = YES;
				ENABLE_TESTABILITY = YES;
				GCC_C_LANGUAGE_STANDARD = gnu11;
				GCC_DYNAMIC_NO_PIC = NO;
				GCC_NO_COMMON_BLOCKS = YES;
				GCC_OPTIMIZATION_LEVEL = 0;
				GCC_PREPROCESSOR_DEFINITIONS = (
					"DEBUG=1",
					"$(inherited)",
				);
				GCC_WARN_64_TO_32_BIT_CONVERSION = YES;
				GCC_WARN_ABOUT_RETURN_TYPE = YES_ERROR;
				GCC_WARN_UNDECLARED_SELECTOR = YES;
				GCC_WARN_UNINITIALIZED_AUTOS = YES_AGGRESSIVE;
				GCC_WARN_UNUSED_FUNCTION = YES;
				GCC_WARN_UNUSED_VARIABLE = YES;
				IPHONEOS_DEPLOYMENT_TARGET = 13.0;
				MTL_ENABLE_DEBUG_INFO = INCLUDE_SOURCE;
				MTL_FAST_MATH = YES;
				ONLY_ACTIVE_ARCH = YES;
				SDKROOT = iphoneos;
				SWIFT_ACTIVE_COMPILATION_CONDITIONS = DEBUG;
				SWIFT_OPTIMIZATION_LEVEL = "-Onone";
			};
			name = Debug;
		};
		36B4294329D17B7C004ECC0A /* Release */ = {
			isa = XCBuildConfiguration;
			buildSettings = {
				ALWAYS_SEARCH_USER_PATHS = NO;
				CLANG_ANALYZER_NONNULL = YES;
				CLANG_ANALYZER_NUMBER_OBJECT_CONVERSION = YES_AGGRESSIVE;
				CLANG_CXX_LANGUAGE_STANDARD = "gnu++20";
				CLANG_ENABLE_MODULES = YES;
				CLANG_ENABLE_OBJC_ARC = YES;
				CLANG_ENABLE_OBJC_WEAK = YES;
				CLANG_WARN_BLOCK_CAPTURE_AUTORELEASING = YES;
				CLANG_WARN_BOOL_CONVERSION = YES;
				CLANG_WARN_COMMA = YES;
				CLANG_WARN_CONSTANT_CONVERSION = YES;
				CLANG_WARN_DEPRECATED_OBJC_IMPLEMENTATIONS = YES;
				CLANG_WARN_DIRECT_OBJC_ISA_USAGE = YES_ERROR;
				CLANG_WARN_DOCUMENTATION_COMMENTS = YES;
				CLANG_WARN_EMPTY_BODY = YES;
				CLANG_WARN_ENUM_CONVERSION = YES;
				CLANG_WARN_INFINITE_RECURSION = YES;
				CLANG_WARN_INT_CONVERSION = YES;
				CLANG_WARN_NON_LITERAL_NULL_CONVERSION = YES;
				CLANG_WARN_OBJC_IMPLICIT_RETAIN_SELF = YES;
				CLANG_WARN_OBJC_LITERAL_CONVERSION = YES;
				CLANG_WARN_OBJC_ROOT_CLASS = YES_ERROR;
				CLANG_WARN_QUOTED_INCLUDE_IN_FRAMEWORK_HEADER = YES;
				CLANG_WARN_RANGE_LOOP_ANALYSIS = YES;
				CLANG_WARN_STRICT_PROTOTYPES = YES;
				CLANG_WARN_SUSPICIOUS_MOVE = YES;
				CLANG_WARN_UNGUARDED_AVAILABILITY = YES_AGGRESSIVE;
				CLANG_WARN_UNREACHABLE_CODE = YES;
				CLANG_WARN__DUPLICATE_METHOD_MATCH = YES;
				COPY_PHASE_STRIP = NO;
				DEBUG_INFORMATION_FORMAT = "dwarf-with-dsym";
				ENABLE_NS_ASSERTIONS = NO;
				ENABLE_STRICT_OBJC_MSGSEND = YES;
				GCC_C_LANGUAGE_STANDARD = gnu11;
				GCC_NO_COMMON_BLOCKS = YES;
				GCC_WARN_64_TO_32_BIT_CONVERSION = YES;
				GCC_WARN_ABOUT_RETURN_TYPE = YES_ERROR;
				GCC_WARN_UNDECLARED_SELECTOR = YES;
				GCC_WARN_UNINITIALIZED_AUTOS = YES_AGGRESSIVE;
				GCC_WARN_UNUSED_FUNCTION = YES;
				GCC_WARN_UNUSED_VARIABLE = YES;
				IPHONEOS_DEPLOYMENT_TARGET = 13.0;
				MTL_ENABLE_DEBUG_INFO = NO;
				MTL_FAST_MATH = YES;
				SDKROOT = iphoneos;
				SWIFT_COMPILATION_MODE = wholemodule;
				SWIFT_OPTIMIZATION_LEVEL = "-O";
				VALIDATE_PRODUCT = YES;
			};
			name = Release;
		};
		36B4294529D17B7C004ECC0A /* Debug */ = {
			isa = XCBuildConfiguration;
			buildSettings = {
				ASSETCATALOG_COMPILER_APPICON_NAME = AppIcon;
				ASSETCATALOG_COMPILER_GLOBAL_ACCENT_COLOR_NAME = AccentColor;
				CODE_SIGN_STYLE = Automatic;
				CURRENT_PROJECT_VERSION = 1;
				GENERATE_INFOPLIST_FILE = YES;
				INFOPLIST_FILE = Bookist/Info.plist;
				INFOPLIST_KEY_UIApplicationSupportsIndirectInputEvents = YES;
				INFOPLIST_KEY_UILaunchStoryboardName = LaunchScreen;
				INFOPLIST_KEY_UIMainStoryboardFile = Main;
				INFOPLIST_KEY_UISupportedInterfaceOrientations_iPad = "UIInterfaceOrientationPortrait UIInterfaceOrientationPortraitUpsideDown UIInterfaceOrientationLandscapeLeft UIInterfaceOrientationLandscapeRight";
				INFOPLIST_KEY_UISupportedInterfaceOrientations_iPhone = "UIInterfaceOrientationPortrait UIInterfaceOrientationLandscapeLeft UIInterfaceOrientationLandscapeRight";
				LD_RUNPATH_SEARCH_PATHS = (
					"$(inherited)",
					"@executable_path/Frameworks",
				);
				MARKETING_VERSION = 1.0;
				PRODUCT_BUNDLE_IDENTIFIER = plearn.Bookist;
				PRODUCT_NAME = "$(TARGET_NAME)";
				SWIFT_EMIT_LOC_STRINGS = YES;
				SWIFT_VERSION = 5.0;
				TARGETED_DEVICE_FAMILY = "1,2";
			};
			name = Debug;
		};
		36B4294629D17B7C004ECC0A /* Release */ = {
			isa = XCBuildConfiguration;
			buildSettings = {
				ASSETCATALOG_COMPILER_APPICON_NAME = AppIcon;
				ASSETCATALOG_COMPILER_GLOBAL_ACCENT_COLOR_NAME = AccentColor;
				CODE_SIGN_STYLE = Automatic;
				CURRENT_PROJECT_VERSION = 1;
				GENERATE_INFOPLIST_FILE = YES;
				INFOPLIST_FILE = Bookist/Info.plist;
				INFOPLIST_KEY_UIApplicationSupportsIndirectInputEvents = YES;
				INFOPLIST_KEY_UILaunchStoryboardName = LaunchScreen;
				INFOPLIST_KEY_UIMainStoryboardFile = Main;
				INFOPLIST_KEY_UISupportedInterfaceOrientations_iPad = "UIInterfaceOrientationPortrait UIInterfaceOrientationPortraitUpsideDown UIInterfaceOrientationLandscapeLeft UIInterfaceOrientationLandscapeRight";
				INFOPLIST_KEY_UISupportedInterfaceOrientations_iPhone = "UIInterfaceOrientationPortrait UIInterfaceOrientationLandscapeLeft UIInterfaceOrientationLandscapeRight";
				LD_RUNPATH_SEARCH_PATHS = (
					"$(inherited)",
					"@executable_path/Frameworks",
				);
				MARKETING_VERSION = 1.0;
				PRODUCT_BUNDLE_IDENTIFIER = plearn.Bookist;
				PRODUCT_NAME = "$(TARGET_NAME)";
				SWIFT_EMIT_LOC_STRINGS = YES;
				SWIFT_VERSION = 5.0;
				TARGETED_DEVICE_FAMILY = "1,2";
			};
			name = Release;
		};
		36B4294829D17B7C004ECC0A /* Debug */ = {
			isa = XCBuildConfiguration;
			buildSettings = {
				ALWAYS_EMBED_SWIFT_STANDARD_LIBRARIES = YES;
				BUNDLE_LOADER = "$(TEST_HOST)";
				CODE_SIGN_STYLE = Automatic;
				CURRENT_PROJECT_VERSION = 1;
				GENERATE_INFOPLIST_FILE = YES;
				IPHONEOS_DEPLOYMENT_TARGET = 16.2;
				MARKETING_VERSION = 1.0;
				PRODUCT_BUNDLE_IDENTIFIER = plearn.BookistTests;
				PRODUCT_NAME = "$(TARGET_NAME)";
				SWIFT_EMIT_LOC_STRINGS = NO;
				SWIFT_VERSION = 5.0;
				TARGETED_DEVICE_FAMILY = "1,2";
				TEST_HOST = "$(BUILT_PRODUCTS_DIR)/Bookist.app/$(BUNDLE_EXECUTABLE_FOLDER_PATH)/Bookist";
			};
			name = Debug;
		};
		36B4294929D17B7C004ECC0A /* Release */ = {
			isa = XCBuildConfiguration;
			buildSettings = {
				ALWAYS_EMBED_SWIFT_STANDARD_LIBRARIES = YES;
				BUNDLE_LOADER = "$(TEST_HOST)";
				CODE_SIGN_STYLE = Automatic;
				CURRENT_PROJECT_VERSION = 1;
				GENERATE_INFOPLIST_FILE = YES;
				IPHONEOS_DEPLOYMENT_TARGET = 16.2;
				MARKETING_VERSION = 1.0;
				PRODUCT_BUNDLE_IDENTIFIER = plearn.BookistTests;
				PRODUCT_NAME = "$(TARGET_NAME)";
				SWIFT_EMIT_LOC_STRINGS = NO;
				SWIFT_VERSION = 5.0;
				TARGETED_DEVICE_FAMILY = "1,2";
				TEST_HOST = "$(BUILT_PRODUCTS_DIR)/Bookist.app/$(BUNDLE_EXECUTABLE_FOLDER_PATH)/Bookist";
			};
			name = Release;
		};
		36B4294B29D17B7C004ECC0A /* Debug */ = {
			isa = XCBuildConfiguration;
			buildSettings = {
				ALWAYS_EMBED_SWIFT_STANDARD_LIBRARIES = YES;
				CODE_SIGN_STYLE = Automatic;
				CURRENT_PROJECT_VERSION = 1;
				GENERATE_INFOPLIST_FILE = YES;
				MARKETING_VERSION = 1.0;
				PRODUCT_BUNDLE_IDENTIFIER = plearn.BookistUITests;
				PRODUCT_NAME = "$(TARGET_NAME)";
				SWIFT_EMIT_LOC_STRINGS = NO;
				SWIFT_VERSION = 5.0;
				TARGETED_DEVICE_FAMILY = "1,2";
				TEST_TARGET_NAME = Bookist;
			};
			name = Debug;
		};
		36B4294C29D17B7C004ECC0A /* Release */ = {
			isa = XCBuildConfiguration;
			buildSettings = {
				ALWAYS_EMBED_SWIFT_STANDARD_LIBRARIES = YES;
				CODE_SIGN_STYLE = Automatic;
				CURRENT_PROJECT_VERSION = 1;
				GENERATE_INFOPLIST_FILE = YES;
				MARKETING_VERSION = 1.0;
				PRODUCT_BUNDLE_IDENTIFIER = plearn.BookistUITests;
				PRODUCT_NAME = "$(TARGET_NAME)";
				SWIFT_EMIT_LOC_STRINGS = NO;
				SWIFT_VERSION = 5.0;
				TARGETED_DEVICE_FAMILY = "1,2";
				TEST_TARGET_NAME = Bookist;
			};
			name = Release;
		};
/* End XCBuildConfiguration section */

/* Begin XCConfigurationList section */
		36B4291529D17B7A004ECC0A /* Build configuration list for PBXProject "Bookist" */ = {
			isa = XCConfigurationList;
			buildConfigurations = (
				36B4294229D17B7C004ECC0A /* Debug */,
				36B4294329D17B7C004ECC0A /* Release */,
			);
			defaultConfigurationIsVisible = 0;
			defaultConfigurationName = Release;
		};
		36B4294429D17B7C004ECC0A /* Build configuration list for PBXNativeTarget "Bookist" */ = {
			isa = XCConfigurationList;
			buildConfigurations = (
				36B4294529D17B7C004ECC0A /* Debug */,
				36B4294629D17B7C004ECC0A /* Release */,
			);
			defaultConfigurationIsVisible = 0;
			defaultConfigurationName = Release;
		};
		36B4294729D17B7C004ECC0A /* Build configuration list for PBXNativeTarget "BookistTests" */ = {
			isa = XCConfigurationList;
			buildConfigurations = (
				36B4294829D17B7C004ECC0A /* Debug */,
				36B4294929D17B7C004ECC0A /* Release */,
			);
			defaultConfigurationIsVisible = 0;
			defaultConfigurationName = Release;
		};
		36B4294A29D17B7C004ECC0A /* Build configuration list for PBXNativeTarget "BookistUITests" */ = {
			isa = XCConfigurationList;
			buildConfigurations = (
				36B4294B29D17B7C004ECC0A /* Debug */,
				36B4294C29D17B7C004ECC0A /* Release */,
			);
			defaultConfigurationIsVisible = 0;
			defaultConfigurationName = Release;
		};
/* End XCConfigurationList section */
	};
	rootObject = 36B4291229D17B7A004ECC0A /* Project object */;
}
